{
  "requires": true,
  "lockfileVersion": 1,
  "dependencies": {
    "@capacitor/camera": {
      "version": "1.0.0",
      "resolved": "https://registry.npmjs.org/@capacitor/camera/-/camera-1.0.0.tgz",
      "integrity": "sha512-HSjCpWariGaHc6H4hlZEZmOTp6j+FZJX1kI1y/eHfP46JX26zKpsIbD22T4Ao0wx4gG432tOq9Hs0EAV7zNaQg=="
    },
    "@capacitor/filesystem": {
      "version": "1.0.0",
      "resolved": "https://registry.npmjs.org/@capacitor/filesystem/-/filesystem-1.0.0.tgz",
      "integrity": "sha512-dneksUnpCSwTKZbUPeBR7th6XMR9iHGXMAKhtSCfeiNHm+QWaxPHCov3bxCHE3hyIstbkeC2Uipa0Lu8SW883Q=="
    },
    "@capacitor/storage": {
      "version": "1.0.0",
      "resolved": "https://registry.npmjs.org/@capacitor/storage/-/storage-1.0.0.tgz",
      "integrity": "sha512-bz4gIkcxGibkuB29QE8/fbtE5ZtRCNfFiTip8oZZl3XI/SA6DCWKmZR64oh/m1vcp5HwpN0HNuWkC+fJ/f2UgA=="
    },
    "@ionic/pwa-elements": {
      "version": "3.0.2",
      "resolved": "https://registry.npmjs.org/@ionic/pwa-elements/-/pwa-elements-3.0.2.tgz",
      "integrity": "sha512-Wwb8/NgzeX1GA8MDPvcis7nx1vqtWdEaDz3t0tTbtUduR/oCNkWZkY2PFL49ET0+/lRhcqE2jZwXvTVn0R1UGw=="
    }
  }
}
